
Microsoft Visual Studio Solution File, Format Version 12.00
# Visual Studio Version 17
VisualStudioVersion = 17.9.34723.18
MinimumVisualStudioVersion = 10.0.40219.1
Project("{9A19103F-16F7-4668-BE54-9A1E7A4F7556}") = "TechChallenge.API", "TechChallenge.API\TechChallenge.API.csproj", "{0E0B26C9-743E-4C52-A4F0-91A09E0E68C2}"
EndProject
Project("{9A19103F-16F7-4668-BE54-9A1E7A4F7556}") = "TechChallenge.Core", "TechChallenge.Core\TechChallenge.Core.csproj", "{22DD1788-9439-43F2-BC05-E02D9DEB615B}"
EndProject
Project("{9A19103F-16F7-4668-BE54-9A1E7A4F7556}") = "TechChallenge.Infraestructure", "TechChallenge.Infraestructure\TechChallenge.Infraestructure.csproj", "{F303D478-8DAF-49FD-8BDC-54637DDB168D}"
EndProject
Project("{9A19103F-16F7-4668-BE54-9A1E7A4F7556}") = "TechChallenge.Tests", "TechChallenge.Tests\TechChallenge.Tests.csproj", "{3557EB82-4C87-4F3A-863D-4D8A19F88AED}"
EndProject
Project("{9A19103F-16F7-4668-BE54-9A1E7A4F7556}") = "TechChallenge.Integration.Tests", "TechChallenge.Integration.Tests\TechChallenge.Integration.Tests.csproj", "{3553B950-9B8B-4CE3-A361-275B81507735}"
EndProject
Project("{FAE04EC0-301F-11D3-BF4B-00C04F79EFBC}") = "TechChallenge.Queue.Producer", "TechChallenge.Queue.Producer\TechChallenge.Queue.Producer.csproj", "{AAFD9327-BFAE-4936-9ABF-3920F4F9B429}"
EndProject
Project("{FAE04EC0-301F-11D3-BF4B-00C04F79EFBC}") = "TechChallenge.Queue.Consumer", "TechChallenge.Queue.Consumer\TechChallenge.Queue.Consumer.csproj", "{1DC7053D-4DCA-40E7-BFE3-FCA039DEA364}"
EndProject
Global
	GlobalSection(SolutionConfigurationPlatforms) = preSolution
		Debug|Any CPU = Debug|Any CPU
		Release|Any CPU = Release|Any CPU
	EndGlobalSection
	GlobalSection(ProjectConfigurationPlatforms) = postSolution
		{0E0B26C9-743E-4C52-A4F0-91A09E0E68C2}.Debug|Any CPU.ActiveCfg = Debug|Any CPU
		{0E0B26C9-743E-4C52-A4F0-91A09E0E68C2}.Debug|Any CPU.Build.0 = Debug|Any CPU
		{0E0B26C9-743E-4C52-A4F0-91A09E0E68C2}.Release|Any CPU.ActiveCfg = Release|Any CPU
		{0E0B26C9-743E-4C52-A4F0-91A09E0E68C2}.Release|Any CPU.Build.0 = Release|Any CPU
		{22DD1788-9439-43F2-BC05-E02D9DEB615B}.Debug|Any CPU.ActiveCfg = Debug|Any CPU
		{22DD1788-9439-43F2-BC05-E02D9DEB615B}.Debug|Any CPU.Build.0 = Debug|Any CPU
		{22DD1788-9439-43F2-BC05-E02D9DEB615B}.Release|Any CPU.ActiveCfg = Release|Any CPU
		{22DD1788-9439-43F2-BC05-E02D9DEB615B}.Release|Any CPU.Build.0 = Release|Any CPU
		{F303D478-8DAF-49FD-8BDC-54637DDB168D}.Debug|Any CPU.ActiveCfg = Debug|Any CPU
		{F303D478-8DAF-49FD-8BDC-54637DDB168D}.Debug|Any CPU.Build.0 = Debug|Any CPU
		{F303D478-8DAF-49FD-8BDC-54637DDB168D}.Release|Any CPU.ActiveCfg = Release|Any CPU
		{F303D478-8DAF-49FD-8BDC-54637DDB168D}.Release|Any CPU.Build.0 = Release|Any CPU
		{3557EB82-4C87-4F3A-863D-4D8A19F88AED}.Debug|Any CPU.ActiveCfg = Debug|Any CPU
		{3557EB82-4C87-4F3A-863D-4D8A19F88AED}.Debug|Any CPU.Build.0 = Debug|Any CPU
		{3557EB82-4C87-4F3A-863D-4D8A19F88AED}.Release|Any CPU.ActiveCfg = Release|Any CPU
		{3557EB82-4C87-4F3A-863D-4D8A19F88AED}.Release|Any CPU.Build.0 = Release|Any CPU
		{3553B950-9B8B-4CE3-A361-275B81507735}.Debug|Any CPU.ActiveCfg = Debug|Any CPU
		{3553B950-9B8B-4CE3-A361-275B81507735}.Debug|Any CPU.Build.0 = Debug|Any CPU
		{3553B950-9B8B-4CE3-A361-275B81507735}.Release|Any CPU.ActiveCfg = Release|Any CPU
		{3553B950-9B8B-4CE3-A361-275B81507735}.Release|Any CPU.Build.0 = Release|Any CPU
		{AAFD9327-BFAE-4936-9ABF-3920F4F9B429}.Debug|Any CPU.ActiveCfg = Debug|Any CPU
		{AAFD9327-BFAE-4936-9ABF-3920F4F9B429}.Debug|Any CPU.Build.0 = Debug|Any CPU
		{AAFD9327-BFAE-4936-9ABF-3920F4F9B429}.Release|Any CPU.ActiveCfg = Release|Any CPU
		{AAFD9327-BFAE-4936-9ABF-3920F4F9B429}.Release|Any CPU.Build.0 = Release|Any CPU
		{1DC7053D-4DCA-40E7-BFE3-FCA039DEA364}.Debug|Any CPU.ActiveCfg = Debug|Any CPU
		{1DC7053D-4DCA-40E7-BFE3-FCA039DEA364}.Debug|Any CPU.Build.0 = Debug|Any CPU
		{1DC7053D-4DCA-40E7-BFE3-FCA039DEA364}.Release|Any CPU.ActiveCfg = Release|Any CPU
		{1DC7053D-4DCA-40E7-BFE3-FCA039DEA364}.Release|Any CPU.Build.0 = Release|Any CPU
	EndGlobalSection
	GlobalSection(SolutionProperties) = preSolution
		HideSolutionNode = FALSE
	EndGlobalSection
	GlobalSection(ExtensibilityGlobals) = postSolution
		SolutionGuid = {91C03CCD-1C04-4133-A65E-8435467C5366}
	EndGlobalSection
EndGlobal
