
Microsoft Visual Studio Solution File, Format Version 12.00
# Visual Studio Version 17
VisualStudioVersion = 17.9.34723.18
MinimumVisualStudioVersion = 10.0.40219.1
Project("{9A19103F-16F7-4668-BE54-9A1E7A4F7556}") = "TechChallenge.Tests", "TechChallenge.Tests\TechChallenge.Tests.csproj", "{3557EB82-4C87-4F3A-863D-4D8A19F88AED}"
EndProject
Project("{2150E333-8FDC-42A3-9474-1A3956D46DE8}") = "src", "src", "{726588A0-49AA-4281-8100-51CEA5CC4C4E}"
EndProject
Project("{2150E333-8FDC-42A3-9474-1A3956D46DE8}") = "Services", "Services", "{FACC8A51-0A09-4300-B8C4-7AC33715C1D4}"
EndProject
Project("{2150E333-8FDC-42A3-9474-1A3956D46DE8}") = "ContactRegistrationService", "ContactRegistrationService", "{84A8A948-A9E1-479E-BA6D-6B0808859670}"
EndProject
Project("{2150E333-8FDC-42A3-9474-1A3956D46DE8}") = "ContactSearchService", "ContactSearchService", "{67E75910-894D-44A3-A16D-DF6E850A3D5F}"
EndProject
Project("{FAE04EC0-301F-11D3-BF4B-00C04F79EFBC}") = "ContactRegistration.Api", "ContactRegistration.Api\ContactRegistration.Api.csproj", "{FD1D282C-5369-4166-A7DD-902888C463DA}"
EndProject
Project("{2150E333-8FDC-42A3-9474-1A3956D46DE8}") = "ContactConsumerService", "ContactConsumerService", "{15232ACD-46B2-47CE-BD49-056EF8744181}"
EndProject
Project("{FAE04EC0-301F-11D3-BF4B-00C04F79EFBC}") = "ContactConsumer.Consumer", "ContactRegistration.Consumer\ContactConsumer.Consumer.csproj", "{7B1F755E-A040-4683-A0D3-881EB377DA1D}"
EndProject
Project("{FAE04EC0-301F-11D3-BF4B-00C04F79EFBC}") = "ContactSearch.Api", "ContactSearch.Api\ContactSearch.Api.csproj", "{C19375D5-76BE-4F72-BB90-DEE0B22F35F5}"
EndProject
Project("{FAE04EC0-301F-11D3-BF4B-00C04F79EFBC}") = "ContactSearch.Infrastructure", "ContactSearch.Infrastructure\ContactSearch.Infrastructure.csproj", "{CDB42CAA-3B7F-4DD4-B438-9EA3356A76EA}"
EndProject
Project("{FAE04EC0-301F-11D3-BF4B-00C04F79EFBC}") = "ContactSearch.Domain", "ContactSearch.Domain\ContactSearch.Domain.csproj", "{96E3D2AF-E235-43AB-A53A-CC9B6B02D0E6}"
EndProject
Project("{2150E333-8FDC-42A3-9474-1A3956D46DE8}") = "Shared", "Shared", "{C17F597F-B5C8-454E-ADE4-2715076930DF}"
EndProject
Project("{FAE04EC0-301F-11D3-BF4B-00C04F79EFBC}") = "Shared.Domain", "Shared.Domain\Shared.Domain.csproj", "{23583C05-9404-463B-A7B0-246C63054BDA}"
EndProject
Project("{FAE04EC0-301F-11D3-BF4B-00C04F79EFBC}") = "Shared.Infrastructure", "Shared.Infrastructure\Shared.Infrastructure.csproj", "{BA784975-96C8-4026-8D03-400A25C05E7D}"
EndProject
Project("{FAE04EC0-301F-11D3-BF4B-00C04F79EFBC}") = "ContactRegistration.Domain", "ContactRegistration.Domain\ContactRegistration.Domain.csproj", "{D5381B22-CD14-438F-8123-F5667B103AAD}"
EndProject
Project("{FAE04EC0-301F-11D3-BF4B-00C04F79EFBC}") = "ContactRegistration.Infrastructure", "ContactRegistration.Infrastructure\ContactRegistration.Infrastructure.csproj", "{0C6F1F7F-3C5E-4DD2-B78C-F38AABFC64B6}"
EndProject
Project("{FAE04EC0-301F-11D3-BF4B-00C04F79EFBC}") = "Shared.Rabbit", "Shared.Rabbit\Shared.Rabbit.csproj", "{BB65370B-956A-469E-834C-439B30B26216}"
EndProject
Project("{FAE04EC0-301F-11D3-BF4B-00C04F79EFBC}") = "ContactConsumer.Domain", "ContactRegistrationConsumer.Domain\ContactConsumer.Domain.csproj", "{6D3AA469-7B00-4408-8111-F6F55811C438}"
EndProject
Project("{FAE04EC0-301F-11D3-BF4B-00C04F79EFBC}") = "ContactConsumer.Infrastructure", "ContactRegistrationConsumer.Infrastructure\ContactConsumer.Infrastructure.csproj", "{CD0C30D4-EF34-4757-A990-25C070DFA8D4}"
EndProject
Project("{2150E333-8FDC-42A3-9474-1A3956D46DE8}") = "Tests", "Tests", "{2EC4D310-B7F9-4E7F-9596-ED3415FA50E0}"
EndProject
Project("{2150E333-8FDC-42A3-9474-1A3956D46DE8}") = "Services", "Services", "{9CB9A389-08E4-4C71-871D-CB48DF0484F7}"
EndProject
Project("{FAE04EC0-301F-11D3-BF4B-00C04F79EFBC}") = "TechChallenge.Integration.Tests", "TechChallenge.Integration.Tests\TechChallenge.Integration.Tests.csproj", "{9D4D27ED-C5F9-4355-A4A8-B7C7C261AAFF}"
EndProject
Global
	GlobalSection(SolutionConfigurationPlatforms) = preSolution
		Debug|Any CPU = Debug|Any CPU
		Release|Any CPU = Release|Any CPU
	EndGlobalSection
	GlobalSection(ProjectConfigurationPlatforms) = postSolution
		{3557EB82-4C87-4F3A-863D-4D8A19F88AED}.Debug|Any CPU.ActiveCfg = Debug|Any CPU
		{3557EB82-4C87-4F3A-863D-4D8A19F88AED}.Debug|Any CPU.Build.0 = Debug|Any CPU
		{3557EB82-4C87-4F3A-863D-4D8A19F88AED}.Release|Any CPU.ActiveCfg = Release|Any CPU
		{3557EB82-4C87-4F3A-863D-4D8A19F88AED}.Release|Any CPU.Build.0 = Release|Any CPU
		{FD1D282C-5369-4166-A7DD-902888C463DA}.Debug|Any CPU.ActiveCfg = Debug|Any CPU
		{FD1D282C-5369-4166-A7DD-902888C463DA}.Debug|Any CPU.Build.0 = Debug|Any CPU
		{FD1D282C-5369-4166-A7DD-902888C463DA}.Release|Any CPU.ActiveCfg = Release|Any CPU
		{FD1D282C-5369-4166-A7DD-902888C463DA}.Release|Any CPU.Build.0 = Release|Any CPU
		{7B1F755E-A040-4683-A0D3-881EB377DA1D}.Debug|Any CPU.ActiveCfg = Debug|Any CPU
		{7B1F755E-A040-4683-A0D3-881EB377DA1D}.Debug|Any CPU.Build.0 = Debug|Any CPU
		{7B1F755E-A040-4683-A0D3-881EB377DA1D}.Release|Any CPU.ActiveCfg = Release|Any CPU
		{7B1F755E-A040-4683-A0D3-881EB377DA1D}.Release|Any CPU.Build.0 = Release|Any CPU
		{C19375D5-76BE-4F72-BB90-DEE0B22F35F5}.Debug|Any CPU.ActiveCfg = Debug|Any CPU
		{C19375D5-76BE-4F72-BB90-DEE0B22F35F5}.Debug|Any CPU.Build.0 = Debug|Any CPU
		{C19375D5-76BE-4F72-BB90-DEE0B22F35F5}.Release|Any CPU.ActiveCfg = Release|Any CPU
		{C19375D5-76BE-4F72-BB90-DEE0B22F35F5}.Release|Any CPU.Build.0 = Release|Any CPU
		{CDB42CAA-3B7F-4DD4-B438-9EA3356A76EA}.Debug|Any CPU.ActiveCfg = Debug|Any CPU
		{CDB42CAA-3B7F-4DD4-B438-9EA3356A76EA}.Debug|Any CPU.Build.0 = Debug|Any CPU
		{CDB42CAA-3B7F-4DD4-B438-9EA3356A76EA}.Release|Any CPU.ActiveCfg = Release|Any CPU
		{CDB42CAA-3B7F-4DD4-B438-9EA3356A76EA}.Release|Any CPU.Build.0 = Release|Any CPU
		{96E3D2AF-E235-43AB-A53A-CC9B6B02D0E6}.Debug|Any CPU.ActiveCfg = Debug|Any CPU
		{96E3D2AF-E235-43AB-A53A-CC9B6B02D0E6}.Debug|Any CPU.Build.0 = Debug|Any CPU
		{96E3D2AF-E235-43AB-A53A-CC9B6B02D0E6}.Release|Any CPU.ActiveCfg = Release|Any CPU
		{96E3D2AF-E235-43AB-A53A-CC9B6B02D0E6}.Release|Any CPU.Build.0 = Release|Any CPU
		{23583C05-9404-463B-A7B0-246C63054BDA}.Debug|Any CPU.ActiveCfg = Debug|Any CPU
		{23583C05-9404-463B-A7B0-246C63054BDA}.Debug|Any CPU.Build.0 = Debug|Any CPU
		{23583C05-9404-463B-A7B0-246C63054BDA}.Release|Any CPU.ActiveCfg = Release|Any CPU
		{23583C05-9404-463B-A7B0-246C63054BDA}.Release|Any CPU.Build.0 = Release|Any CPU
		{BA784975-96C8-4026-8D03-400A25C05E7D}.Debug|Any CPU.ActiveCfg = Debug|Any CPU
		{BA784975-96C8-4026-8D03-400A25C05E7D}.Debug|Any CPU.Build.0 = Debug|Any CPU
		{BA784975-96C8-4026-8D03-400A25C05E7D}.Release|Any CPU.ActiveCfg = Release|Any CPU
		{BA784975-96C8-4026-8D03-400A25C05E7D}.Release|Any CPU.Build.0 = Release|Any CPU
		{D5381B22-CD14-438F-8123-F5667B103AAD}.Debug|Any CPU.ActiveCfg = Debug|Any CPU
		{D5381B22-CD14-438F-8123-F5667B103AAD}.Debug|Any CPU.Build.0 = Debug|Any CPU
		{D5381B22-CD14-438F-8123-F5667B103AAD}.Release|Any CPU.ActiveCfg = Release|Any CPU
		{D5381B22-CD14-438F-8123-F5667B103AAD}.Release|Any CPU.Build.0 = Release|Any CPU
		{0C6F1F7F-3C5E-4DD2-B78C-F38AABFC64B6}.Debug|Any CPU.ActiveCfg = Debug|Any CPU
		{0C6F1F7F-3C5E-4DD2-B78C-F38AABFC64B6}.Debug|Any CPU.Build.0 = Debug|Any CPU
		{0C6F1F7F-3C5E-4DD2-B78C-F38AABFC64B6}.Release|Any CPU.ActiveCfg = Release|Any CPU
		{0C6F1F7F-3C5E-4DD2-B78C-F38AABFC64B6}.Release|Any CPU.Build.0 = Release|Any CPU
		{BB65370B-956A-469E-834C-439B30B26216}.Debug|Any CPU.ActiveCfg = Debug|Any CPU
		{BB65370B-956A-469E-834C-439B30B26216}.Debug|Any CPU.Build.0 = Debug|Any CPU
		{BB65370B-956A-469E-834C-439B30B26216}.Release|Any CPU.ActiveCfg = Release|Any CPU
		{BB65370B-956A-469E-834C-439B30B26216}.Release|Any CPU.Build.0 = Release|Any CPU
		{6D3AA469-7B00-4408-8111-F6F55811C438}.Debug|Any CPU.ActiveCfg = Debug|Any CPU
		{6D3AA469-7B00-4408-8111-F6F55811C438}.Debug|Any CPU.Build.0 = Debug|Any CPU
		{6D3AA469-7B00-4408-8111-F6F55811C438}.Release|Any CPU.ActiveCfg = Release|Any CPU
		{6D3AA469-7B00-4408-8111-F6F55811C438}.Release|Any CPU.Build.0 = Release|Any CPU
		{CD0C30D4-EF34-4757-A990-25C070DFA8D4}.Debug|Any CPU.ActiveCfg = Debug|Any CPU
		{CD0C30D4-EF34-4757-A990-25C070DFA8D4}.Debug|Any CPU.Build.0 = Debug|Any CPU
		{CD0C30D4-EF34-4757-A990-25C070DFA8D4}.Release|Any CPU.ActiveCfg = Release|Any CPU
		{CD0C30D4-EF34-4757-A990-25C070DFA8D4}.Release|Any CPU.Build.0 = Release|Any CPU
		{9D4D27ED-C5F9-4355-A4A8-B7C7C261AAFF}.Debug|Any CPU.ActiveCfg = Debug|Any CPU
		{9D4D27ED-C5F9-4355-A4A8-B7C7C261AAFF}.Debug|Any CPU.Build.0 = Debug|Any CPU
		{9D4D27ED-C5F9-4355-A4A8-B7C7C261AAFF}.Release|Any CPU.ActiveCfg = Release|Any CPU
		{9D4D27ED-C5F9-4355-A4A8-B7C7C261AAFF}.Release|Any CPU.Build.0 = Release|Any CPU
	EndGlobalSection
	GlobalSection(SolutionProperties) = preSolution
		HideSolutionNode = FALSE
	EndGlobalSection
	GlobalSection(NestedProjects) = preSolution
		{FACC8A51-0A09-4300-B8C4-7AC33715C1D4} = {726588A0-49AA-4281-8100-51CEA5CC4C4E}
		{84A8A948-A9E1-479E-BA6D-6B0808859670} = {FACC8A51-0A09-4300-B8C4-7AC33715C1D4}
		{67E75910-894D-44A3-A16D-DF6E850A3D5F} = {FACC8A51-0A09-4300-B8C4-7AC33715C1D4}
		{FD1D282C-5369-4166-A7DD-902888C463DA} = {84A8A948-A9E1-479E-BA6D-6B0808859670}
		{15232ACD-46B2-47CE-BD49-056EF8744181} = {FACC8A51-0A09-4300-B8C4-7AC33715C1D4}
		{7B1F755E-A040-4683-A0D3-881EB377DA1D} = {15232ACD-46B2-47CE-BD49-056EF8744181}
		{C19375D5-76BE-4F72-BB90-DEE0B22F35F5} = {67E75910-894D-44A3-A16D-DF6E850A3D5F}
		{CDB42CAA-3B7F-4DD4-B438-9EA3356A76EA} = {67E75910-894D-44A3-A16D-DF6E850A3D5F}
		{96E3D2AF-E235-43AB-A53A-CC9B6B02D0E6} = {67E75910-894D-44A3-A16D-DF6E850A3D5F}
		{C17F597F-B5C8-454E-ADE4-2715076930DF} = {726588A0-49AA-4281-8100-51CEA5CC4C4E}
		{23583C05-9404-463B-A7B0-246C63054BDA} = {C17F597F-B5C8-454E-ADE4-2715076930DF}
		{BA784975-96C8-4026-8D03-400A25C05E7D} = {C17F597F-B5C8-454E-ADE4-2715076930DF}
		{D5381B22-CD14-438F-8123-F5667B103AAD} = {84A8A948-A9E1-479E-BA6D-6B0808859670}
		{0C6F1F7F-3C5E-4DD2-B78C-F38AABFC64B6} = {84A8A948-A9E1-479E-BA6D-6B0808859670}
		{BB65370B-956A-469E-834C-439B30B26216} = {C17F597F-B5C8-454E-ADE4-2715076930DF}
		{6D3AA469-7B00-4408-8111-F6F55811C438} = {15232ACD-46B2-47CE-BD49-056EF8744181}
		{CD0C30D4-EF34-4757-A990-25C070DFA8D4} = {15232ACD-46B2-47CE-BD49-056EF8744181}
		{2EC4D310-B7F9-4E7F-9596-ED3415FA50E0} = {726588A0-49AA-4281-8100-51CEA5CC4C4E}
		{9CB9A389-08E4-4C71-871D-CB48DF0484F7} = {2EC4D310-B7F9-4E7F-9596-ED3415FA50E0}
		{9D4D27ED-C5F9-4355-A4A8-B7C7C261AAFF} = {9CB9A389-08E4-4C71-871D-CB48DF0484F7}
	EndGlobalSection
	GlobalSection(ExtensibilityGlobals) = postSolution
		SolutionGuid = {91C03CCD-1C04-4133-A65E-8435467C5366}
	EndGlobalSection
EndGlobal
